
Microsoft Visual Studio Solution File, Format Version 12.00
# Visual Studio Version 17
VisualStudioVersion = 17.4.32804.182
MinimumVisualStudioVersion = 10.0.40219.1
Project("{FAE04EC0-301F-11D3-BF4B-00C04F79EFBC}") = "MicrosoftBandSync", "MicrosoftBandSync\MicrosoftBandSync.csproj", "{CD64CCE5-E9DC-4EAA-B059-4B58279AD98C}"
EndProject
Project("{FAE04EC0-301F-11D3-BF4B-00C04F79EFBC}") = "Microsoft.Band", "Microsoft_Band\Microsoft.Band.csproj", "{7AC5B21C-E909-4D66-A9BC-F92525720E49}"
EndProject
Project("{FAE04EC0-301F-11D3-BF4B-00C04F79EFBC}") = "Microsoft.Band.Admin", "Microsoft_Band_Admin\Microsoft.Band.Admin.csproj", "{5E0AFD9C-9161-49EC-B17D-49694680289B}"
EndProject
Project("{FAE04EC0-301F-11D3-BF4B-00C04F79EFBC}") = "Microsoft.Band.Admin.Desktop", "Microsoft_Band_Admin_Desktop\Microsoft.Band.Admin.Desktop.csproj", "{470E3FD1-BBBD-4C02-A153-E4E180BEEBD6}"
EndProject
Project("{FAE04EC0-301F-11D3-BF4B-00C04F79EFBC}") = "Microsoft.Band.Desktop", "Microsoft_Band_Desktop\Microsoft.Band.Desktop.csproj", "{F3D8C2DF-6CB6-4031-B0AF-261553F5ABF0}"
EndProject
Project("{FAE04EC0-301F-11D3-BF4B-00C04F79EFBC}") = "Microsoft.Health.App.Core", "Microsoft_Health_App_Core\Microsoft.Health.App.Core.csproj", "{6278950E-D3A4-482A-A68F-19B14DA5F84A}"
EndProject
Project("{FAE04EC0-301F-11D3-BF4B-00C04F79EFBC}") = "Microsoft_Health_Cloud_Client", "Microsoft_Health_Cloud_Client\Microsoft_Health_Cloud_Client.csproj", "{75F73245-CFE9-4922-B0D9-44B9A9AA2345}"
EndProject
Project("{FAE04EC0-301F-11D3-BF4B-00C04F79EFBC}") = "Cirrious_CrossCore", "Cirrious_CrossCore\Cirrious_CrossCore.csproj", "{A9C48D36-878A-4D41-96BC-12573B3EA0C9}"
EndProject
Project("{FAE04EC0-301F-11D3-BF4B-00C04F79EFBC}") = "Cirrious_MvvmCross", "Cirrious_MvvmCross\Cirrious_MvvmCross.csproj", "{953D1F7B-912E-4593-9B7B-CE36DD6B628E}"
EndProject
Project("{FAE04EC0-301F-11D3-BF4B-00C04F79EFBC}") = "Geolocator_Plugin_Abstractions", "Geolocator_Plugin_Abstractions\Geolocator_Plugin_Abstractions.csproj", "{2EC2F216-C98D-467C-B4EF-4293EF9EE1AA}"
EndProject
Project("{FAE04EC0-301F-11D3-BF4B-00C04F79EFBC}") = "Geolocator_Plugin", "Geolocator_Plugin\Geolocator_Plugin.csproj", "{E4E2D330-CA6F-443E-996D-A81A314F6D8A}"
EndProject
Global
	GlobalSection(SolutionConfigurationPlatforms) = preSolution
		Debug|Any CPU = Debug|Any CPU
		Release|Any CPU = Release|Any CPU
	EndGlobalSection
	GlobalSection(ProjectConfigurationPlatforms) = postSolution
		{CD64CCE5-E9DC-4EAA-B059-4B58279AD98C}.Debug|Any CPU.ActiveCfg = Debug|Any CPU
		{CD64CCE5-E9DC-4EAA-B059-4B58279AD98C}.Debug|Any CPU.Build.0 = Debug|Any CPU
		{CD64CCE5-E9DC-4EAA-B059-4B58279AD98C}.Release|Any CPU.ActiveCfg = Release|Any CPU
		{CD64CCE5-E9DC-4EAA-B059-4B58279AD98C}.Release|Any CPU.Build.0 = Release|Any CPU
		{7AC5B21C-E909-4D66-A9BC-F92525720E49}.Debug|Any CPU.ActiveCfg = Debug|Any CPU
		{7AC5B21C-E909-4D66-A9BC-F92525720E49}.Debug|Any CPU.Build.0 = Debug|Any CPU
		{7AC5B21C-E909-4D66-A9BC-F92525720E49}.Release|Any CPU.ActiveCfg = Release|Any CPU
		{7AC5B21C-E909-4D66-A9BC-F92525720E49}.Release|Any CPU.Build.0 = Release|Any CPU
		{5E0AFD9C-9161-49EC-B17D-49694680289B}.Debug|Any CPU.ActiveCfg = Debug|Any CPU
		{5E0AFD9C-9161-49EC-B17D-49694680289B}.Debug|Any CPU.Build.0 = Debug|Any CPU
		{5E0AFD9C-9161-49EC-B17D-49694680289B}.Release|Any CPU.ActiveCfg = Release|Any CPU
		{5E0AFD9C-9161-49EC-B17D-49694680289B}.Release|Any CPU.Build.0 = Release|Any CPU
		{470E3FD1-BBBD-4C02-A153-E4E180BEEBD6}.Debug|Any CPU.ActiveCfg = Debug|Any CPU
		{470E3FD1-BBBD-4C02-A153-E4E180BEEBD6}.Debug|Any CPU.Build.0 = Debug|Any CPU
		{470E3FD1-BBBD-4C02-A153-E4E180BEEBD6}.Release|Any CPU.ActiveCfg = Release|Any CPU
		{470E3FD1-BBBD-4C02-A153-E4E180BEEBD6}.Release|Any CPU.Build.0 = Release|Any CPU
		{F3D8C2DF-6CB6-4031-B0AF-261553F5ABF0}.Debug|Any CPU.ActiveCfg = Debug|Any CPU
		{F3D8C2DF-6CB6-4031-B0AF-261553F5ABF0}.Debug|Any CPU.Build.0 = Debug|Any CPU
		{F3D8C2DF-6CB6-4031-B0AF-261553F5ABF0}.Release|Any CPU.ActiveCfg = Release|Any CPU
		{F3D8C2DF-6CB6-4031-B0AF-261553F5ABF0}.Release|Any CPU.Build.0 = Release|Any CPU
		{6278950E-D3A4-482A-A68F-19B14DA5F84A}.Debug|Any CPU.ActiveCfg = Debug|Any CPU
		{6278950E-D3A4-482A-A68F-19B14DA5F84A}.Debug|Any CPU.Build.0 = Debug|Any CPU
		{6278950E-D3A4-482A-A68F-19B14DA5F84A}.Release|Any CPU.ActiveCfg = Release|Any CPU
		{6278950E-D3A4-482A-A68F-19B14DA5F84A}.Release|Any CPU.Build.0 = Release|Any CPU
		{75F73245-CFE9-4922-B0D9-44B9A9AA2345}.Debug|Any CPU.ActiveCfg = Debug|Any CPU
		{75F73245-CFE9-4922-B0D9-44B9A9AA2345}.Debug|Any CPU.Build.0 = Debug|Any CPU
		{75F73245-CFE9-4922-B0D9-44B9A9AA2345}.Release|Any CPU.ActiveCfg = Release|Any CPU
		{75F73245-CFE9-4922-B0D9-44B9A9AA2345}.Release|Any CPU.Build.0 = Release|Any CPU
		{A9C48D36-878A-4D41-96BC-12573B3EA0C9}.Debug|Any CPU.ActiveCfg = Debug|Any CPU
		{A9C48D36-878A-4D41-96BC-12573B3EA0C9}.Debug|Any CPU.Build.0 = Debug|Any CPU
		{A9C48D36-878A-4D41-96BC-12573B3EA0C9}.Release|Any CPU.ActiveCfg = Release|Any CPU
		{A9C48D36-878A-4D41-96BC-12573B3EA0C9}.Release|Any CPU.Build.0 = Release|Any CPU
		{953D1F7B-912E-4593-9B7B-CE36DD6B628E}.Debug|Any CPU.ActiveCfg = Debug|Any CPU
		{953D1F7B-912E-4593-9B7B-CE36DD6B628E}.Debug|Any CPU.Build.0 = Debug|Any CPU
		{953D1F7B-912E-4593-9B7B-CE36DD6B628E}.Release|Any CPU.ActiveCfg = Release|Any CPU
		{953D1F7B-912E-4593-9B7B-CE36DD6B628E}.Release|Any CPU.Build.0 = Release|Any CPU
		{2EC2F216-C98D-467C-B4EF-4293EF9EE1AA}.Debug|Any CPU.ActiveCfg = Debug|Any CPU
		{2EC2F216-C98D-467C-B4EF-4293EF9EE1AA}.Debug|Any CPU.Build.0 = Debug|Any CPU
		{2EC2F216-C98D-467C-B4EF-4293EF9EE1AA}.Release|Any CPU.ActiveCfg = Release|Any CPU
		{2EC2F216-C98D-467C-B4EF-4293EF9EE1AA}.Release|Any CPU.Build.0 = Release|Any CPU
		{E4E2D330-CA6F-443E-996D-A81A314F6D8A}.Debug|Any CPU.ActiveCfg = Debug|Any CPU
		{E4E2D330-CA6F-443E-996D-A81A314F6D8A}.Debug|Any CPU.Build.0 = Debug|Any CPU
		{E4E2D330-CA6F-443E-996D-A81A314F6D8A}.Release|Any CPU.ActiveCfg = Release|Any CPU
		{E4E2D330-CA6F-443E-996D-A81A314F6D8A}.Release|Any CPU.Build.0 = Release|Any CPU
	EndGlobalSection
	GlobalSection(SolutionProperties) = preSolution
		HideSolutionNode = FALSE
	EndGlobalSection
	GlobalSection(ExtensibilityGlobals) = postSolution
		SolutionGuid = {ECCFDCE8-6725-4A4F-BC5D-A11F3E56826E}
	EndGlobalSection
EndGlobal
